
Microsoft Visual Studio Solution File, Format Version 12.00
# Visual Studio Version 16
VisualStudioVersion = 16.0.30717.126
MinimumVisualStudioVersion = 10.0.40219.1
Project("{FAE04EC0-301F-11D3-BF4B-00C04F79EFBC}") = "MSTestProject", "MSTestProject\MSTestProject.csproj", "{13C842F5-7BBF-4482-A3FD-84590B225A19}"
EndProject
Global
	GlobalSection(SolutionConfigurationPlatforms) = preSolution
		Debug|Any CPU = Debug|Any CPU
		Release|Any CPU = Release|Any CPU
	EndGlobalSection
	GlobalSection(ProjectConfigurationPlatforms) = postSolution
		{13C842F5-7BBF-4482-A3FD-84590B225A19}.Debug|Any CPU.ActiveCfg = Debug|Any CPU
		{13C842F5-7BBF-4482-A3FD-84590B225A19}.Debug|Any CPU.Build.0 = Debug|Any CPU
		{13C842F5-7BBF-4482-A3FD-84590B225A19}.Release|Any CPU.ActiveCfg = Release|Any CPU
		{13C842F5-7BBF-4482-A3FD-84590B225A19}.Release|Any CPU.Build.0 = Release|Any CPU
	EndGlobalSection
	GlobalSection(SolutionProperties) = preSolution
		HideSolutionNode = FALSE
	EndGlobalSection
	GlobalSection(ExtensibilityGlobals) = postSolution
		SolutionGuid = {3E1E7F56-950A-48E0-A679-CDC7B9231B60}
	EndGlobalSection
EndGlobal
